
Microsoft Visual Studio Solution File, Format Version 12.00
# Visual Studio Version 17
VisualStudioVersion = 17.6.33829.357
MinimumVisualStudioVersion = 10.0.40219.1
Project("{FAE04EC0-301F-11D3-BF4B-00C04F79EFBC}") = "Casgem.Entities", "Casgem.Entities\Casgem.Entities.csproj", "{AC8365E7-344D-4881-9AC4-40522C8905D6}"
EndProject
Project("{FAE04EC0-301F-11D3-BF4B-00C04F79EFBC}") = "Casgem.DataAccess", "Casgem.DataAccess\Casgem.DataAccess.csproj", "{A1CC05EC-EE36-467C-9998-638B2836183F}"
EndProject
Project("{FAE04EC0-301F-11D3-BF4B-00C04F79EFBC}") = "Casgem.Business", "Casgem.Business\Casgem.Business.csproj", "{DE42B829-9091-4409-B9D3-CF25A6FF75EF}"
EndProject
Project("{FAE04EC0-301F-11D3-BF4B-00C04F79EFBC}") = "Casgem.Api", "Casgem.Api\Casgem.Api.csproj", "{6E47CBA9-E33C-4350-AA37-1C1709C3BC71}"
EndProject
Global
	GlobalSection(SolutionConfigurationPlatforms) = preSolution
		Debug|Any CPU = Debug|Any CPU
		Release|Any CPU = Release|Any CPU
	EndGlobalSection
	GlobalSection(ProjectConfigurationPlatforms) = postSolution
		{AC8365E7-344D-4881-9AC4-40522C8905D6}.Debug|Any CPU.ActiveCfg = Debug|Any CPU
		{AC8365E7-344D-4881-9AC4-40522C8905D6}.Debug|Any CPU.Build.0 = Debug|Any CPU
		{AC8365E7-344D-4881-9AC4-40522C8905D6}.Release|Any CPU.ActiveCfg = Release|Any CPU
		{AC8365E7-344D-4881-9AC4-40522C8905D6}.Release|Any CPU.Build.0 = Release|Any CPU
		{A1CC05EC-EE36-467C-9998-638B2836183F}.Debug|Any CPU.ActiveCfg = Debug|Any CPU
		{A1CC05EC-EE36-467C-9998-638B2836183F}.Debug|Any CPU.Build.0 = Debug|Any CPU
		{A1CC05EC-EE36-467C-9998-638B2836183F}.Release|Any CPU.ActiveCfg = Release|Any CPU
		{A1CC05EC-EE36-467C-9998-638B2836183F}.Release|Any CPU.Build.0 = Release|Any CPU
		{DE42B829-9091-4409-B9D3-CF25A6FF75EF}.Debug|Any CPU.ActiveCfg = Debug|Any CPU
		{DE42B829-9091-4409-B9D3-CF25A6FF75EF}.Debug|Any CPU.Build.0 = Debug|Any CPU
		{DE42B829-9091-4409-B9D3-CF25A6FF75EF}.Release|Any CPU.ActiveCfg = Release|Any CPU
		{DE42B829-9091-4409-B9D3-CF25A6FF75EF}.Release|Any CPU.Build.0 = Release|Any CPU
		{6E47CBA9-E33C-4350-AA37-1C1709C3BC71}.Debug|Any CPU.ActiveCfg = Debug|Any CPU
		{6E47CBA9-E33C-4350-AA37-1C1709C3BC71}.Debug|Any CPU.Build.0 = Debug|Any CPU
		{6E47CBA9-E33C-4350-AA37-1C1709C3BC71}.Release|Any CPU.ActiveCfg = Release|Any CPU
		{6E47CBA9-E33C-4350-AA37-1C1709C3BC71}.Release|Any CPU.Build.0 = Release|Any CPU
	EndGlobalSection
	GlobalSection(SolutionProperties) = preSolution
		HideSolutionNode = FALSE
	EndGlobalSection
	GlobalSection(ExtensibilityGlobals) = postSolution
		SolutionGuid = {3601E658-9A4C-44EC-A035-FA4A6A961A5F}
	EndGlobalSection
EndGlobal
